{
  "name": "web-sw-maturity-id-card",
  "version": "1.0.0",
  "lockfileVersion": 1,
  "requires": true,
  "dependencies": {
    "accepts": {
      "version": "1.3.3",
      "resolved": "http://artifactory.airsystems.thales:8081/artifactory/api/npm/npmjs/accepts/-/accepts-1.3.3.tgz",
      "integrity": "sha1-w8p0NJOGSMPg2cHjKN1otiLChMo=",
      "requires": {
        "mime-types": "~2.1.11",
        "negotiator": "0.6.1"
      }
    },
    "append-field": {
      "version": "0.1.0",
      "resolved": "http://artifactory.airsystems.thales:8081/artifactory/api/npm/npmjs/append-field/-/append-field-0.1.0.tgz",
      "integrity": "sha1-4R5Oot2Jdan030JmfaGiyro40IA="
    },
    "array-flatten": {
      "version": "1.1.1",
      "resolved": "http://artifactory.airsystems.thales:8081/artifactory/api/npm/npmjs/array-flatten/-/array-flatten-1.1.1.tgz",
      "integrity": "sha1-ml9pkFGx5wczKPKgCJaLZOopVdI="
    },
    "body-parser": {
      "version": "1.17.1",
      "resolved": "http://artifactory.airsystems.thales:8081/artifactory/api/npm/npmjs/body-parser/-/body-parser-1.17.1.tgz",
      "integrity": "sha1-L7OvtSe3t2bO4GdatW9BgszYahg=",
      "requires": {
        "bytes": "2.4.0",
        "content-type": "~1.0.2",
        "debug": "2.6.1",
        "depd": "~1.1.0",
        "http-errors": "~1.6.1",
        "iconv-lite": "0.4.15",
        "on-finished": "~2.3.0",
        "qs": "6.4.0",
        "raw-body": "~2.2.0",
        "type-is": "~1.6.14"
      }
    },
    "busboy": {
      "version": "0.2.14",
      "resolved": "http://artifactory.airsystems.thales:8081/artifactory/api/npm/npmjs/busboy/-/busboy-0.2.14.tgz",
      "integrity": "sha1-Ng9hwNZX2mhOtkyD8awdu8Rkxf8=",
      "requires": {
        "dicer": "0.2.5",
        "readable-stream": "1.1.x"
      }
    },
    "bytes": {
      "version": "2.4.0",
      "resolved": "http://artifactory.airsystems.thales:8081/artifactory/api/npm/npmjs/bytes/-/bytes-2.4.0.tgz",
      "integrity": "sha1-fZcZb51br39pNeJZhVSe3SpsIzk="
    },
    "concat-stream": {
      "version": "1.6.0",
      "resolved": "http://artifactory.airsystems.thales:8081/artifactory/api/npm/npmjs/concat-stream/-/concat-stream-1.6.0.tgz",
      "integrity": "sha1-WFckJBRlhK+5rXtTlzk1sm+ecNE=",
      "requires": {
        "inherits": "^2.0.3",
        "readable-stream": "^2.2.2",
        "typedarray": "^0.0.6"
      },
      "dependencies": {
        "isarray": {
          "version": "1.0.0",
          "resolved": "http://artifactory.airsystems.thales:8081/artifactory/api/npm/npmjs/isarray/-/isarray-1.0.0.tgz",
          "integrity": "sha1-u5NdSFgsuhaMBoNJV6VKPgcSTxE="
        },
        "readable-stream": {
          "version": "2.3.3",
          "resolved": "http://artifactory.airsystems.thales:8081/artifactory/api/npm/npmjs/readable-stream/-/readable-stream-2.3.3.tgz",
          "integrity": "sha1-TxSpJDt/kTZfoxNRDQkQDBX5Q/s=",
          "requires": {
            "core-util-is": "~1.0.0",
            "inherits": "~2.0.3",
            "isarray": "~1.0.0",
            "process-nextick-args": "~1.0.6",
            "safe-buffer": "~5.1.1",
            "string_decoder": "~1.0.3",
            "util-deprecate": "~1.0.1"
          }
        },
        "string_decoder": {
          "version": "1.0.3",
          "resolved": "http://artifactory.airsystems.thales:8081/artifactory/api/npm/npmjs/string_decoder/-/string_decoder-1.0.3.tgz",
          "integrity": "sha1-Y65d8DlRiUE4rTnE55ohbjgqOnc=",
          "requires": {
            "safe-buffer": "~5.1.0"
          }
        }
      }
    },
    "content-disposition": {
      "version": "0.5.2",
      "resolved": "http://artifactory.airsystems.thales:8081/artifactory/api/npm/npmjs/content-disposition/-/content-disposition-0.5.2.tgz",
      "integrity": "sha1-SqQP66odnVYVeAJ6OgYu90YX/OY="
    },
    "content-type": {
      "version": "1.0.2",
      "resolved": "http://artifactory.airsystems.thales:8081/artifactory/api/npm/npmjs/content-type/-/content-type-1.0.2.tgz",
      "integrity": "sha1-t9ETrueo3Se9IRM8TcJSnfFyHu0="
    },
    "cookie": {
      "version": "0.3.1",
      "resolved": "http://artifactory.airsystems.thales:8081/artifactory/api/npm/npmjs/cookie/-/cookie-0.3.1.tgz",
      "integrity": "sha1-5+Ch+e9DtMi6klxcWpboBtFoc7s="
    },
    "cookie-signature": {
      "version": "1.0.6",
      "resolved": "http://artifactory.airsystems.thales:8081/artifactory/api/npm/npmjs/cookie-signature/-/cookie-signature-1.0.6.tgz",
      "integrity": "sha1-4wOogrNCzD7oylE6eZmXNNqzriw="
    },
    "core-util-is": {
      "version": "1.0.2",
      "resolved": "http://artifactory.airsystems.thales:8081/artifactory/api/npm/npmjs/core-util-is/-/core-util-is-1.0.2.tgz",
      "integrity": "sha1-tf1UIgqivFq1eqtxQMlAdUUDwac="
    },
    "csv-parse": {
      "version": "2.0.0",
      "resolved": "http://artifactory.airsystems.thales:8081/artifactory/api/npm/npmjs/csv-parse/-/csv-parse-2.0.0.tgz",
      "integrity": "sha1-Ll/7ZXhCkvNtcWckvrTkBCDzjp4="
    },
    "debug": {
      "version": "2.6.1",
      "resolved": "http://artifactory.airsystems.thales:8081/artifactory/api/npm/npmjs/debug/-/debug-2.6.1.tgz",
      "integrity": "sha1-eYVQkLosTjEVzH2HaUkdWPBJE1E=",
      "requires": {
        "ms": "0.7.2"
      }
    },
    "depd": {
      "version": "1.1.0",
      "resolved": "http://artifactory.airsystems.thales:8081/artifactory/api/npm/npmjs/depd/-/depd-1.1.0.tgz",
      "integrity": "sha1-4b2Cxqq2ztlluXuIsX7T5SjKGMM="
    },
    "destroy": {
      "version": "1.0.4",
      "resolved": "http://artifactory.airsystems.thales:8081/artifactory/api/npm/npmjs/destroy/-/destroy-1.0.4.tgz",
      "integrity": "sha1-l4hXRCxEdJ5CBmE+N5RiBYJqvYA="
    },
    "dicer": {
      "version": "0.2.5",
      "resolved": "http://artifactory.airsystems.thales:8081/artifactory/api/npm/npmjs/dicer/-/dicer-0.2.5.tgz",
      "integrity": "sha1-Y0kbDmqPQv88l0ctUTl5uiqylL4=",
      "requires": {
        "readable-stream": "1.1.x",
        "streamsearch": "0.1.2"
      }
    },
    "ee-first": {
      "version": "1.1.1",
      "resolved": "http://artifactory.airsystems.thales:8081/artifactory/api/npm/npmjs/ee-first/-/ee-first-1.1.1.tgz",
      "integrity": "sha1-WQxhFWsK4vTwJVcyoViyZrxWsh0="
    },
    "ejs": {
      "version": "2.5.7",
      "resolved": "https://registry.npmjs.org/ejs/-/ejs-2.5.7.tgz",
      "integrity": "sha1-zIcsFoiArjxxiXYv1f/ACJbJUYo="
    },
    "encodeurl": {
      "version": "1.0.1",
      "resolved": "http://artifactory.airsystems.thales:8081/artifactory/api/npm/npmjs/encodeurl/-/encodeurl-1.0.1.tgz",
      "integrity": "sha1-eePVhlU0aQn+bw9Fpd5oEDspTSA="
    },
    "escape-html": {
      "version": "1.0.3",
      "resolved": "http://artifactory.airsystems.thales:8081/artifactory/api/npm/npmjs/escape-html/-/escape-html-1.0.3.tgz",
      "integrity": "sha1-Aljq5NPQwJdN4cFpGI7wBR0dGYg="
    },
    "etag": {
      "version": "1.8.0",
      "resolved": "http://artifactory.airsystems.thales:8081/artifactory/api/npm/npmjs/etag/-/etag-1.8.0.tgz",
      "integrity": "sha1-4/QnLNX1kFxLSLr/YSBq9eclShY="
    },
    "express": {
      "version": "4.15.2",
      "resolved": "http://artifactory.airsystems.thales:8081/artifactory/api/npm/npmjs/express/-/express-4.15.2.tgz",
      "integrity": "sha1-NJKRHfg1eQItxKntLvo0/ll1Ahk=",
      "requires": {
        "accepts": "~1.3.3",
        "array-flatten": "1.1.1",
        "content-disposition": "0.5.2",
        "content-type": "~1.0.2",
        "cookie": "0.3.1",
        "cookie-signature": "1.0.6",
        "debug": "2.6.1",
        "depd": "~1.1.0",
        "encodeurl": "~1.0.1",
        "escape-html": "~1.0.3",
        "etag": "~1.8.0",
        "finalhandler": "~1.0.0",
        "fresh": "0.5.0",
        "merge-descriptors": "1.0.1",
        "methods": "~1.1.2",
        "on-finished": "~2.3.0",
        "parseurl": "~1.3.1",
        "path-to-regexp": "0.1.7",
        "proxy-addr": "~1.1.3",
        "qs": "6.4.0",
        "range-parser": "~1.2.0",
        "send": "0.15.1",
        "serve-static": "1.12.1",
        "setprototypeof": "1.0.3",
        "statuses": "~1.3.1",
        "type-is": "~1.6.14",
        "utils-merge": "1.0.0",
        "vary": "~1.1.0"
      }
    },
    "finalhandler": {
      "version": "1.0.1",
      "resolved": "http://artifactory.airsystems.thales:8081/artifactory/api/npm/npmjs/finalhandler/-/finalhandler-1.0.1.tgz",
      "integrity": "sha1-geLhtXb4XvHNxCuUNcyZ3AP26aA=",
      "requires": {
        "debug": "2.6.3",
        "encodeurl": "~1.0.1",
        "escape-html": "~1.0.3",
        "on-finished": "~2.3.0",
        "parseurl": "~1.3.1",
        "statuses": "~1.3.1",
        "unpipe": "~1.0.0"
      },
      "dependencies": {
        "debug": {
          "version": "2.6.3",
          "resolved": "http://artifactory.airsystems.thales:8081/artifactory/api/npm/npmjs/debug/-/debug-2.6.3.tgz",
          "integrity": "sha1-YXCgWjSqJs1TW9XjppOT78aUriQ=",
          "requires": {
            "ms": "0.7.2"
          }
        }
      }
    },
    "forwarded": {
      "version": "0.1.0",
      "resolved": "http://artifactory.airsystems.thales:8081/artifactory/api/npm/npmjs/forwarded/-/forwarded-0.1.0.tgz",
      "integrity": "sha1-Ge+YdMSuHCl7zweP3mOgm2aoQ2M="
    },
    "fresh": {
      "version": "0.5.0",
      "resolved": "http://artifactory.airsystems.thales:8081/artifactory/api/npm/npmjs/fresh/-/fresh-0.5.0.tgz",
      "integrity": "sha1-TTIi/IqdQYxgaZkzexQDWz7AfKg="
    },
    "http-errors": {
      "version": "1.6.1",
      "resolved": "http://artifactory.airsystems.thales:8081/artifactory/api/npm/npmjs/http-errors/-/http-errors-1.6.1.tgz",
      "integrity": "sha1-dhmuvwu0P1W3brfdlygMqUOr2Bg=",
      "requires": {
        "depd": "1.1.0",
        "inherits": "2.0.3",
        "setprototypeof": "1.0.3",
        "statuses": ">= 1.3.1 < 2"
      }
    },
    "iconv-lite": {
      "version": "0.4.15",
      "resolved": "http://artifactory.airsystems.thales:8081/artifactory/api/npm/npmjs/iconv-lite/-/iconv-lite-0.4.15.tgz",
      "integrity": "sha1-nZ1XdQn5/d1FpSvoFFSjGjgYoho="
    },
    "inherits": {
      "version": "2.0.3",
      "resolved": "http://artifactory.airsystems.thales:8081/artifactory/api/npm/npmjs/inherits/-/inherits-2.0.3.tgz",
      "integrity": "sha1-Yzwsg+PaQqUC9SRmAiSA9CCCYd4="
    },
    "ipaddr.js": {
      "version": "1.2.0",
      "resolved": "http://artifactory.airsystems.thales:8081/artifactory/api/npm/npmjs/ipaddr.js/-/ipaddr.js-1.2.0.tgz",
      "integrity": "sha1-irpJyRknmVhb3WQ+DMtQ6K53e6Q="
    },
    "isarray": {
      "version": "0.0.1",
      "resolved": "http://artifactory.airsystems.thales:8081/artifactory/api/npm/npmjs/isarray/-/isarray-0.0.1.tgz",
      "integrity": "sha1-hlakp0A372bcXawVU8hpyhoymzM="
    },
    "media-typer": {
      "version": "0.3.0",
      "resolved": "http://artifactory.airsystems.thales:8081/artifactory/api/npm/npmjs/media-typer/-/media-typer-0.3.0.tgz",
      "integrity": "sha1-hxDXrwqmJvj/+hzgAWhUUmMlV0g="
    },
    "merge-descriptors": {
      "version": "1.0.1",
      "resolved": "http://artifactory.airsystems.thales:8081/artifactory/api/npm/npmjs/merge-descriptors/-/merge-descriptors-1.0.1.tgz",
      "integrity": "sha1-sAqqVW3YtEVoFQ7J0blT8/kMu2E="
    },
    "methods": {
      "version": "1.1.2",
      "resolved": "http://artifactory.airsystems.thales:8081/artifactory/api/npm/npmjs/methods/-/methods-1.1.2.tgz",
      "integrity": "sha1-VSmk1nZUE07cxSZmVoNbD4Ua/O4="
    },
    "mime": {
      "version": "2.3.1",
      "resolved": "https://registry.npmjs.org/mime/-/mime-2.3.1.tgz",
      "integrity": "sha512-OEUllcVoydBHGN1z84yfQDimn58pZNNNXgZlHXSboxMlFvgI6MXSWpWKpFRra7H1HxpVhHTkrghfRW49k6yjeg=="
    },
    "mime-db": {
      "version": "1.30.0",
      "resolved": "http://artifactory.airsystems.thales:8081/artifactory/api/npm/npmjs/mime-db/-/mime-db-1.30.0.tgz",
      "integrity": "sha1-59ytVMnGhRpmaYQHugzRr1Qxg8Y="
    },
    "mime-types": {
      "version": "2.1.17",
      "resolved": "http://artifactory.airsystems.thales:8081/artifactory/api/npm/npmjs/mime-types/-/mime-types-2.1.17.tgz",
      "integrity": "sha1-sRV0MxjDD3q6J2Vv+C1EkoHcb14=",
      "requires": {
        "mime-db": "~1.30.0"
      }
    },
    "minimist": {
      "version": "0.0.8",
      "resolved": "http://artifactory.airsystems.thales:8081/artifactory/api/npm/npmjs/minimist/-/minimist-0.0.8.tgz",
      "integrity": "sha1-hX/Kv8M5fSYluCKCYuhqp6ARsF0="
    },
    "mkdirp": {
      "version": "0.5.1",
      "resolved": "http://artifactory.airsystems.thales:8081/artifactory/api/npm/npmjs/mkdirp/-/mkdirp-0.5.1.tgz",
      "integrity": "sha1-MAV0OOrGz3+MR2fzhkjWaX11yQM=",
      "requires": {
        "minimist": "0.0.8"
      }
    },
    "ms": {
      "version": "0.7.2",
      "resolved": "http://artifactory.airsystems.thales:8081/artifactory/api/npm/npmjs/ms/-/ms-0.7.2.tgz",
      "integrity": "sha1-riXPJRKziFodldfwN4aNhDESR2U="
    },
    "multer": {
      "version": "1.3.0",
      "resolved": "http://artifactory.airsystems.thales:8081/artifactory/api/npm/npmjs/multer/-/multer-1.3.0.tgz",
      "integrity": "sha1-ODwoNr3rf8i2SXizNSqmUpy6cHI=",
      "requires": {
        "append-field": "^0.1.0",
        "busboy": "^0.2.11",
        "concat-stream": "^1.5.0",
        "mkdirp": "^0.5.1",
        "object-assign": "^3.0.0",
        "on-finished": "^2.3.0",
        "type-is": "^1.6.4",
        "xtend": "^4.0.0"
      }
    },
    "negotiator": {
      "version": "0.6.1",
      "resolved": "http://artifactory.airsystems.thales:8081/artifactory/api/npm/npmjs/negotiator/-/negotiator-0.6.1.tgz",
      "integrity": "sha1-KzJxhOiZIQEXeyhWP7XnECrNDKk="
    },
    "object-assign": {
      "version": "3.0.0",
      "resolved": "http://artifactory.airsystems.thales:8081/artifactory/api/npm/npmjs/object-assign/-/object-assign-3.0.0.tgz",
      "integrity": "sha1-Fm6mBnK5KDaM0POpp0UVlpxPrvo="
    },
    "on-finished": {
      "version": "2.3.0",
      "resolved": "http://artifactory.airsystems.thales:8081/artifactory/api/npm/npmjs/on-finished/-/on-finished-2.3.0.tgz",
      "integrity": "sha1-IPEzZIGwg811M3mSoWlxqi2QaUc=",
      "requires": {
        "ee-first": "1.1.1"
      }
    },
    "parseurl": {
      "version": "1.3.1",
      "resolved": "http://artifactory.airsystems.thales:8081/artifactory/api/npm/npmjs/parseurl/-/parseurl-1.3.1.tgz",
      "integrity": "sha1-yKuMkiO6NIiKpkopeyiFO+wY2lY="
    },
    "path-to-regexp": {
      "version": "0.1.7",
      "resolved": "http://artifactory.airsystems.thales:8081/artifactory/api/npm/npmjs/path-to-regexp/-/path-to-regexp-0.1.7.tgz",
      "integrity": "sha1-32BBeABfUi8V60SQ5yR6G/qmf4w="
    },
    "process-nextick-args": {
      "version": "1.0.7",
      "resolved": "http://artifactory.airsystems.thales:8081/artifactory/api/npm/npmjs/process-nextick-args/-/process-nextick-args-1.0.7.tgz",
      "integrity": "sha1-FQ4gt1ZZCtP5EJPyWk8q2L/zC6M="
    },
    "proxy-addr": {
      "version": "1.1.3",
      "resolved": "http://artifactory.airsystems.thales:8081/artifactory/api/npm/npmjs/proxy-addr/-/proxy-addr-1.1.3.tgz",
      "integrity": "sha1-3JdQL1ci6IhGez+iKXp7H/R98HQ=",
      "requires": {
        "forwarded": "~0.1.0",
        "ipaddr.js": "1.2.0"
      }
    },
    "qs": {
      "version": "6.4.0",
      "resolved": "http://artifactory.airsystems.thales:8081/artifactory/api/npm/npmjs/qs/-/qs-6.4.0.tgz",
      "integrity": "sha1-E+JtKK1rD/qpExLNO/cI7TUecjM="
    },
    "range-parser": {
      "version": "1.2.0",
      "resolved": "http://artifactory.airsystems.thales:8081/artifactory/api/npm/npmjs/range-parser/-/range-parser-1.2.0.tgz",
      "integrity": "sha1-9JvmtIeJTdxA3MlKMi9hEJLgDV4="
    },
    "raw-body": {
      "version": "2.2.0",
      "resolved": "http://artifactory.airsystems.thales:8081/artifactory/api/npm/npmjs/raw-body/-/raw-body-2.2.0.tgz",
      "integrity": "sha1-ZAJPndEcBZvveSX0fTgDdDbsi7k=",
      "requires": {
        "bytes": "2.4.0",
        "iconv-lite": "0.4.15",
        "unpipe": "1.0.0"
      }
    },
    "readable-stream": {
      "version": "1.1.14",
      "resolved": "http://artifactory.airsystems.thales:8081/artifactory/api/npm/npmjs/readable-stream/-/readable-stream-1.1.14.tgz",
      "integrity": "sha1-5a/BpImlj4eQoRc4ogDkizOLNLI=",
      "requires": {
        "core-util-is": "~1.0.0",
        "inherits": "~2.0.1",
        "isarray": "0.0.1",
        "string_decoder": "~0.10.x"
      }
    },
    "safe-buffer": {
      "version": "5.1.1",
      "resolved": "http://artifactory.airsystems.thales:8081/artifactory/api/npm/npmjs/safe-buffer/-/safe-buffer-5.1.1.tgz",
      "integrity": "sha1-ruvlowK464hnMdGH/+d/f64Su/I="
    },
    "sax": {
      "version": "1.2.4",
      "resolved": "http://artifactory.airsystems.thales:8081/artifactory/api/npm/npmjs/sax/-/sax-1.2.4.tgz",
      "integrity": "sha1-KBYjTiN4vdxOU1T6tcqold9xANk="
    },
    "send": {
      "version": "0.15.1",
      "resolved": "http://artifactory.airsystems.thales:8081/artifactory/api/npm/npmjs/send/-/send-0.15.1.tgz",
      "integrity": "sha1-IPBkJkrSwqQRHorMj7bHD6kuzgg=",
      "requires": {
        "debug": "2.6.1",
        "depd": "~1.1.0",
        "destroy": "~1.0.4",
        "encodeurl": "~1.0.1",
        "escape-html": "~1.0.3",
        "etag": "~1.8.0",
        "fresh": "0.5.0",
        "http-errors": "~1.6.1",
        "mime": "1.3.4",
        "ms": "0.7.2",
        "on-finished": "~2.3.0",
        "range-parser": "~1.2.0",
        "statuses": "~1.3.1"
      },
      "dependencies": {
        "mime": {
          "version": "1.3.4",
          "resolved": "https://registry.npmjs.org/mime/-/mime-1.3.4.tgz",
          "integrity": "sha1-EV+eO2s9rylZmDyzjxSaLUDrXVM="
        }
      }
    },
    "serve-static": {
      "version": "1.12.1",
      "resolved": "http://artifactory.airsystems.thales:8081/artifactory/api/npm/npmjs/serve-static/-/serve-static-1.12.1.tgz",
      "integrity": "sha1-5BmFkCyLCvvttOt6dcW3/IdWhmc=",
      "requires": {
        "encodeurl": "~1.0.1",
        "escape-html": "~1.0.3",
        "parseurl": "~1.3.1",
        "send": "0.15.1"
      }
    },
    "setprototypeof": {
      "version": "1.0.3",
      "resolved": "http://artifactory.airsystems.thales:8081/artifactory/api/npm/npmjs/setprototypeof/-/setprototypeof-1.0.3.tgz",
      "integrity": "sha1-neN9zt/pUdRMsxpgeMGbptoFGj4="
    },
    "statuses": {
      "version": "1.3.1",
      "resolved": "http://artifactory.airsystems.thales:8081/artifactory/api/npm/npmjs/statuses/-/statuses-1.3.1.tgz",
      "integrity": "sha1-+vUbnrdKrvOzrPStX2Gr8ky3uT4="
    },
    "streamsearch": {
      "version": "0.1.2",
      "resolved": "http://artifactory.airsystems.thales:8081/artifactory/api/npm/npmjs/streamsearch/-/streamsearch-0.1.2.tgz",
      "integrity": "sha1-dt1XW4wIxgZONSgid3kb+jEJAhU="
    },
    "string_decoder": {
      "version": "0.10.31",
      "resolved": "http://artifactory.airsystems.thales:8081/artifactory/api/npm/npmjs/string_decoder/-/string_decoder-0.10.31.tgz",
      "integrity": "sha1-YuIDvEF2bGwoyfyEMB2rHFMQ+pQ="
    },
    "type-is": {
      "version": "1.6.15",
      "resolved": "http://artifactory.airsystems.thales:8081/artifactory/api/npm/npmjs/type-is/-/type-is-1.6.15.tgz",
      "integrity": "sha1-mlgGk1DJ4r7rKHs3HevHldUMV7g=",
      "requires": {
        "media-typer": "0.3.0",
        "mime-types": "~2.1.15"
      }
    },
    "typedarray": {
      "version": "0.0.6",
      "resolved": "http://artifactory.airsystems.thales:8081/artifactory/api/npm/npmjs/typedarray/-/typedarray-0.0.6.tgz",
      "integrity": "sha1-OpBGJlHSC2aJi+3F6Ttqzv3oKrs="
    },
    "unpipe": {
      "version": "1.0.0",
      "resolved": "http://artifactory.airsystems.thales:8081/artifactory/api/npm/npmjs/unpipe/-/unpipe-1.0.0.tgz",
      "integrity": "sha1-sr9O6FFKrmFltIF4KdIbLvSZBOw="
    },
    "util-deprecate": {
      "version": "1.0.2",
      "resolved": "http://artifactory.airsystems.thales:8081/artifactory/api/npm/npmjs/util-deprecate/-/util-deprecate-1.0.2.tgz",
      "integrity": "sha1-RQ1Nyfpw3nMnYvvS1KKJgUGaDM8="
    },
    "utils-merge": {
      "version": "1.0.0",
      "resolved": "http://artifactory.airsystems.thales:8081/artifactory/api/npm/npmjs/utils-merge/-/utils-merge-1.0.0.tgz",
      "integrity": "sha1-ApT7kiu5N1FTVBxPcJYjHyh8ivg="
    },
    "vary": {
      "version": "1.1.1",
      "resolved": "http://artifactory.airsystems.thales:8081/artifactory/api/npm/npmjs/vary/-/vary-1.1.1.tgz",
      "integrity": "sha1-EkksvZgwYZfpZFgfDHpRjOYH56A="
    },
    "xtend": {
      "version": "4.0.1",
      "resolved": "http://artifactory.airsystems.thales:8081/artifactory/api/npm/npmjs/xtend/-/xtend-4.0.1.tgz",
      "integrity": "sha1-pcbVMr5lbiPbgg77lDofBJmNY68="
    }
  }
}
